
Microsoft Visual Studio Solution File, Format Version 12.00
# Visual Studio 14
VisualStudioVersion = 14.0.24720.0
MinimumVisualStudioVersion = 10.0.40219.1
Project("{FAE04EC0-301F-11D3-BF4B-00C04F79EFBC}") = "PalindromeSample", "PalindromeSample\PalindromeSample.csproj", "{90269254-5AC4-40CD-B5DA-D33B824E593E}"
EndProject
Project("{FAE04EC0-301F-11D3-BF4B-00C04F79EFBC}") = "PalindroneFinderTest", "PalindroneFinderTest\PalindroneFinderTest.csproj", "{936D0957-8C96-4717-BAE0-7E317AE406EC}"
EndProject
Project("{FAE04EC0-301F-11D3-BF4B-00C04F79EFBC}") = "StringHelper", "StringHelper\StringHelper.csproj", "{D0C81A2B-A58D-4DB2-B38A-D2EA61D1FD07}"
EndProject
Global
	GlobalSection(SolutionConfigurationPlatforms) = preSolution
		Debug|Any CPU = Debug|Any CPU
		Release|Any CPU = Release|Any CPU
	EndGlobalSection
	GlobalSection(ProjectConfigurationPlatforms) = postSolution
		{90269254-5AC4-40CD-B5DA-D33B824E593E}.Debug|Any CPU.ActiveCfg = Debug|Any CPU
		{90269254-5AC4-40CD-B5DA-D33B824E593E}.Debug|Any CPU.Build.0 = Debug|Any CPU
		{90269254-5AC4-40CD-B5DA-D33B824E593E}.Release|Any CPU.ActiveCfg = Release|Any CPU
		{90269254-5AC4-40CD-B5DA-D33B824E593E}.Release|Any CPU.Build.0 = Release|Any CPU
		{936D0957-8C96-4717-BAE0-7E317AE406EC}.Debug|Any CPU.ActiveCfg = Debug|Any CPU
		{936D0957-8C96-4717-BAE0-7E317AE406EC}.Debug|Any CPU.Build.0 = Debug|Any CPU
		{936D0957-8C96-4717-BAE0-7E317AE406EC}.Release|Any CPU.ActiveCfg = Release|Any CPU
		{936D0957-8C96-4717-BAE0-7E317AE406EC}.Release|Any CPU.Build.0 = Release|Any CPU
		{D0C81A2B-A58D-4DB2-B38A-D2EA61D1FD07}.Debug|Any CPU.ActiveCfg = Debug|Any CPU
		{D0C81A2B-A58D-4DB2-B38A-D2EA61D1FD07}.Debug|Any CPU.Build.0 = Debug|Any CPU
		{D0C81A2B-A58D-4DB2-B38A-D2EA61D1FD07}.Release|Any CPU.ActiveCfg = Release|Any CPU
		{D0C81A2B-A58D-4DB2-B38A-D2EA61D1FD07}.Release|Any CPU.Build.0 = Release|Any CPU
	EndGlobalSection
	GlobalSection(SolutionProperties) = preSolution
		HideSolutionNode = FALSE
	EndGlobalSection
EndGlobal
